
Microsoft Visual Studio Solution File, Format Version 12.00
# Visual Studio 15
VisualStudioVersion = 15.0.28010.2036
MinimumVisualStudioVersion = 10.0.40219.1
Project("{FAE04EC0-301F-11D3-BF4B-00C04F79EFBC}") = "AMS.CIM.Caojin.RPTWebApp", "AMS.CIM.Caojin.RPTWebApp\AMS.CIM.Caojin.RPTWebApp.csproj", "{DA29F5F1-0B6F-4822-8FCF-783412834DCF}"
EndProject
Project("{FAE04EC0-301F-11D3-BF4B-00C04F79EFBC}") = "TestProject", "TestProject\TestProject.csproj", "{097CA827-BC3B-408F-91DB-64353ACB18A7}"
EndProject
Project("{FAE04EC0-301F-11D3-BF4B-00C04F79EFBC}") = "AMS.CIM.Caojin.RPTDataUpdateService", "AMS.CIM.Caojin.RPTDataUpdateService\AMS.CIM.Caojin.RPTDataUpdateService.csproj", "{01B9DFED-AD38-4484-B9A5-8425351DACB7}"
EndProject
Project("{FAE04EC0-301F-11D3-BF4B-00C04F79EFBC}") = "AMS.CIM.Caojin.RPTLibrary", "AMS.CIM.Caojin.RPTLibrary\AMS.CIM.Caojin.RPTLibrary.csproj", "{D2D95CC9-D226-4DB6-9F45-40A3755825DB}"
EndProject
Global
	GlobalSection(SolutionConfigurationPlatforms) = preSolution
		Debug|Any CPU = Debug|Any CPU
		Release|Any CPU = Release|Any CPU
	EndGlobalSection
	GlobalSection(ProjectConfigurationPlatforms) = postSolution
		{DA29F5F1-0B6F-4822-8FCF-783412834DCF}.Debug|Any CPU.ActiveCfg = Debug|Any CPU
		{DA29F5F1-0B6F-4822-8FCF-783412834DCF}.Debug|Any CPU.Build.0 = Debug|Any CPU
		{DA29F5F1-0B6F-4822-8FCF-783412834DCF}.Release|Any CPU.ActiveCfg = Release|Any CPU
		{DA29F5F1-0B6F-4822-8FCF-783412834DCF}.Release|Any CPU.Build.0 = Release|Any CPU
		{097CA827-BC3B-408F-91DB-64353ACB18A7}.Debug|Any CPU.ActiveCfg = Debug|Any CPU
		{097CA827-BC3B-408F-91DB-64353ACB18A7}.Debug|Any CPU.Build.0 = Debug|Any CPU
		{097CA827-BC3B-408F-91DB-64353ACB18A7}.Release|Any CPU.ActiveCfg = Release|Any CPU
		{097CA827-BC3B-408F-91DB-64353ACB18A7}.Release|Any CPU.Build.0 = Release|Any CPU
		{01B9DFED-AD38-4484-B9A5-8425351DACB7}.Debug|Any CPU.ActiveCfg = Debug|Any CPU
		{01B9DFED-AD38-4484-B9A5-8425351DACB7}.Debug|Any CPU.Build.0 = Debug|Any CPU
		{01B9DFED-AD38-4484-B9A5-8425351DACB7}.Release|Any CPU.ActiveCfg = Release|Any CPU
		{01B9DFED-AD38-4484-B9A5-8425351DACB7}.Release|Any CPU.Build.0 = Release|Any CPU
		{D2D95CC9-D226-4DB6-9F45-40A3755825DB}.Debug|Any CPU.ActiveCfg = Debug|Any CPU
		{D2D95CC9-D226-4DB6-9F45-40A3755825DB}.Debug|Any CPU.Build.0 = Debug|Any CPU
		{D2D95CC9-D226-4DB6-9F45-40A3755825DB}.Release|Any CPU.ActiveCfg = Release|Any CPU
		{D2D95CC9-D226-4DB6-9F45-40A3755825DB}.Release|Any CPU.Build.0 = Release|Any CPU
	EndGlobalSection
	GlobalSection(SolutionProperties) = preSolution
		HideSolutionNode = FALSE
	EndGlobalSection
	GlobalSection(ExtensibilityGlobals) = postSolution
		SolutionGuid = {C46624DD-A36D-46B0-A37F-A463019F9B75}
	EndGlobalSection
EndGlobal
